
Microsoft Visual Studio Solution File, Format Version 12.00
# Visual Studio Version 16
VisualStudioVersion = 16.0.29230.47
MinimumVisualStudioVersion = 10.0.40219.1
Project("{9A19103F-16F7-4668-BE54-9A1E7A4F7556}") = "Entities", "Entities\Entities.csproj", "{A699F46F-46EB-4EDF-8AE1-D0E8F5B94C6C}"
EndProject
Project("{9A19103F-16F7-4668-BE54-9A1E7A4F7556}") = "CardDealer.Tests", "CardDealer.Test\CardDealer.Tests.csproj", "{9922132D-9AEA-4B9F-92ED-3D0D15D8EC56}"
	ProjectSection(ProjectDependencies) = postProject
		{A699F46F-46EB-4EDF-8AE1-D0E8F5B94C6C} = {A699F46F-46EB-4EDF-8AE1-D0E8F5B94C6C}
	EndProjectSection
EndProject
Project("{9A19103F-16F7-4668-BE54-9A1E7A4F7556}") = "Interactors", "Interactors.cs\Interactors.csproj", "{75C29FA0-7AF9-47E3-BD85-7E893920854B}"
	ProjectSection(ProjectDependencies) = postProject
		{A699F46F-46EB-4EDF-8AE1-D0E8F5B94C6C} = {A699F46F-46EB-4EDF-8AE1-D0E8F5B94C6C}
	EndProjectSection
EndProject
Project("{9A19103F-16F7-4668-BE54-9A1E7A4F7556}") = "BlackJackConsoleApp", "BlackJackConsoleApp\BlackJackConsoleApp.csproj", "{46DACD84-57BF-4392-ABD5-2DD7020E6709}"
	ProjectSection(ProjectDependencies) = postProject
		{A699F46F-46EB-4EDF-8AE1-D0E8F5B94C6C} = {A699F46F-46EB-4EDF-8AE1-D0E8F5B94C6C}
		{75C29FA0-7AF9-47E3-BD85-7E893920854B} = {75C29FA0-7AF9-47E3-BD85-7E893920854B}
		{154A13F6-B2A1-41A9-9D23-55529EB45F5E} = {154A13F6-B2A1-41A9-9D23-55529EB45F5E}
	EndProjectSection
EndProject
Project("{9A19103F-16F7-4668-BE54-9A1E7A4F7556}") = "Services", "Services\Services.csproj", "{154A13F6-B2A1-41A9-9D23-55529EB45F5E}"
EndProject
Global
	GlobalSection(SolutionConfigurationPlatforms) = preSolution
		Debug|Any CPU = Debug|Any CPU
		Release|Any CPU = Release|Any CPU
	EndGlobalSection
	GlobalSection(ProjectConfigurationPlatforms) = postSolution
		{A699F46F-46EB-4EDF-8AE1-D0E8F5B94C6C}.Debug|Any CPU.ActiveCfg = Debug|Any CPU
		{A699F46F-46EB-4EDF-8AE1-D0E8F5B94C6C}.Debug|Any CPU.Build.0 = Debug|Any CPU
		{A699F46F-46EB-4EDF-8AE1-D0E8F5B94C6C}.Release|Any CPU.ActiveCfg = Release|Any CPU
		{A699F46F-46EB-4EDF-8AE1-D0E8F5B94C6C}.Release|Any CPU.Build.0 = Release|Any CPU
		{9922132D-9AEA-4B9F-92ED-3D0D15D8EC56}.Debug|Any CPU.ActiveCfg = Debug|Any CPU
		{9922132D-9AEA-4B9F-92ED-3D0D15D8EC56}.Debug|Any CPU.Build.0 = Debug|Any CPU
		{9922132D-9AEA-4B9F-92ED-3D0D15D8EC56}.Release|Any CPU.ActiveCfg = Release|Any CPU
		{9922132D-9AEA-4B9F-92ED-3D0D15D8EC56}.Release|Any CPU.Build.0 = Release|Any CPU
		{75C29FA0-7AF9-47E3-BD85-7E893920854B}.Debug|Any CPU.ActiveCfg = Debug|Any CPU
		{75C29FA0-7AF9-47E3-BD85-7E893920854B}.Debug|Any CPU.Build.0 = Debug|Any CPU
		{75C29FA0-7AF9-47E3-BD85-7E893920854B}.Release|Any CPU.ActiveCfg = Release|Any CPU
		{75C29FA0-7AF9-47E3-BD85-7E893920854B}.Release|Any CPU.Build.0 = Release|Any CPU
		{46DACD84-57BF-4392-ABD5-2DD7020E6709}.Debug|Any CPU.ActiveCfg = Debug|Any CPU
		{46DACD84-57BF-4392-ABD5-2DD7020E6709}.Debug|Any CPU.Build.0 = Debug|Any CPU
		{46DACD84-57BF-4392-ABD5-2DD7020E6709}.Release|Any CPU.ActiveCfg = Release|Any CPU
		{46DACD84-57BF-4392-ABD5-2DD7020E6709}.Release|Any CPU.Build.0 = Release|Any CPU
		{154A13F6-B2A1-41A9-9D23-55529EB45F5E}.Debug|Any CPU.ActiveCfg = Debug|Any CPU
		{154A13F6-B2A1-41A9-9D23-55529EB45F5E}.Debug|Any CPU.Build.0 = Debug|Any CPU
		{154A13F6-B2A1-41A9-9D23-55529EB45F5E}.Release|Any CPU.ActiveCfg = Release|Any CPU
		{154A13F6-B2A1-41A9-9D23-55529EB45F5E}.Release|Any CPU.Build.0 = Release|Any CPU
	EndGlobalSection
	GlobalSection(SolutionProperties) = preSolution
		HideSolutionNode = FALSE
	EndGlobalSection
	GlobalSection(ExtensibilityGlobals) = postSolution
		SolutionGuid = {8BB4116E-F325-4124-9A3B-BA97C5318203}
	EndGlobalSection
EndGlobal
